version = 1
revision = 1
requires-python = ">=3.10, <3.12"

[[package]]
name = "cffi"
version = "1.17.1"
source = { registry = "https://pypi.org/simple" }
dependencies = [
    { name = "pycparser" },
]
sdist = { url = "https://files.pythonhosted.org/packages/fc/97/c783634659c2920c3fc70419e3af40972dbaf758daa229a7d6ea6135c90d/cffi-1.17.1.tar.gz", hash = "sha256:1c39c6016c32bc48dd54561950ebd6836e1670f2ae46128f67cf49e789c52824", size = 516621 }
wheels = [
    { url = "https://files.pythonhosted.org/packages/90/07/f44ca684db4e4f08a3fdc6eeb9a0d15dc6883efc7b8c90357fdbf74e186c/cffi-1.17.1-cp310-cp310-macosx_10_9_x86_64.whl", hash = "sha256:df8b1c11f177bc2313ec4b2d46baec87a5f3e71fc8b45dab2ee7cae86d9aba14", size = 182191 },
    { url = "https://files.pythonhosted.org/packages/08/fd/cc2fedbd887223f9f5d170c96e57cbf655df9831a6546c1727ae13fa977a/cffi-1.17.1-cp310-cp310-macosx_11_0_arm64.whl", hash = "sha256:8f2cdc858323644ab277e9bb925ad72ae0e67f69e804f4898c070998d50b1a67", size = 178592 },
    { url = "https://files.pythonhosted.org/packages/de/cc/4635c320081c78d6ffc2cab0a76025b691a91204f4aa317d568ff9280a2d/cffi-1.17.1-cp310-cp310-manylinux_2_12_i686.manylinux2010_i686.manylinux_2_17_i686.manylinux2014_i686.whl", hash = "sha256:edae79245293e15384b51f88b00613ba9f7198016a5948b5dddf4917d4d26382", size = 426024 },
    { url = "https://files.pythonhosted.org/packages/b6/7b/3b2b250f3aab91abe5f8a51ada1b717935fdaec53f790ad4100fe2ec64d1/cffi-1.17.1-cp310-cp310-manylinux_2_17_aarch64.manylinux2014_aarch64.whl", hash = "sha256:45398b671ac6d70e67da8e4224a065cec6a93541bb7aebe1b198a61b58c7b702", size = 448188 },
    { url = "https://files.pythonhosted.org/packages/d3/48/1b9283ebbf0ec065148d8de05d647a986c5f22586b18120020452fff8f5d/cffi-1.17.1-cp310-cp310-manylinux_2_17_ppc64le.manylinux2014_ppc64le.whl", hash = "sha256:ad9413ccdeda48c5afdae7e4fa2192157e991ff761e7ab8fdd8926f40b160cc3", size = 455571 },
    { url = "https://files.pythonhosted.org/packages/40/87/3b8452525437b40f39ca7ff70276679772ee7e8b394934ff60e63b7b090c/cffi-1.17.1-cp310-cp310-manylinux_2_17_s390x.manylinux2014_s390x.whl", hash = "sha256:5da5719280082ac6bd9aa7becb3938dc9f9cbd57fac7d2871717b1feb0902ab6", size = 436687 },
    { url = "https://files.pythonhosted.org/packages/8d/fb/4da72871d177d63649ac449aec2e8a29efe0274035880c7af59101ca2232/cffi-1.17.1-cp310-cp310-manylinux_2_17_x86_64.manylinux2014_x86_64.whl", hash = "sha256:2bb1a08b8008b281856e5971307cc386a8e9c5b625ac297e853d36da6efe9c17", size = 446211 },
    { url = "https://files.pythonhosted.org/packages/ab/a0/62f00bcb411332106c02b663b26f3545a9ef136f80d5df746c05878f8c4b/cffi-1.17.1-cp310-cp310-musllinux_1_1_aarch64.whl", hash = "sha256:045d61c734659cc045141be4bae381a41d89b741f795af1dd018bfb532fd0df8", size = 461325 },
    { url = "https://files.pythonhosted.org/packages/36/83/76127035ed2e7e27b0787604d99da630ac3123bfb02d8e80c633f218a11d/cffi-1.17.1-cp310-cp310-musllinux_1_1_i686.whl", hash = "sha256:6883e737d7d9e4899a8a695e00ec36bd4e5e4f18fabe0aca0efe0a4b44cdb13e", size = 438784 },
    { url = "https://files.pythonhosted.org/packages/21/81/a6cd025db2f08ac88b901b745c163d884641909641f9b826e8cb87645942/cffi-1.17.1-cp310-cp310-musllinux_1_1_x86_64.whl", hash = "sha256:6b8b4a92e1c65048ff98cfe1f735ef8f1ceb72e3d5f0c25fdb12087a23da22be", size = 461564 },
    { url = "https://files.pythonhosted.org/packages/f8/fe/4d41c2f200c4a457933dbd98d3cf4e911870877bd94d9656cc0fcb390681/cffi-1.17.1-cp310-cp310-win32.whl", hash = "sha256:c9c3d058ebabb74db66e431095118094d06abf53284d9c81f27300d0e0d8bc7c", size = 171804 },
    { url = "https://files.pythonhosted.org/packages/d1/b6/0b0f5ab93b0df4acc49cae758c81fe4e5ef26c3ae2e10cc69249dfd8b3ab/cffi-1.17.1-cp310-cp310-win_amd64.whl", hash = "sha256:0f048dcf80db46f0098ccac01132761580d28e28bc0f78ae0d58048063317e15", size = 181299 },
    { url = "https://files.pythonhosted.org/packages/6b/f4/927e3a8899e52a27fa57a48607ff7dc91a9ebe97399b357b85a0c7892e00/cffi-1.17.1-cp311-cp311-macosx_10_9_x86_64.whl", hash = "sha256:a45e3c6913c5b87b3ff120dcdc03f6131fa0065027d0ed7ee6190736a74cd401", size = 182264 },
    { url = "https://files.pythonhosted.org/packages/6c/f5/6c3a8efe5f503175aaddcbea6ad0d2c96dad6f5abb205750d1b3df44ef29/cffi-1.17.1-cp311-cp311-macosx_11_0_arm64.whl", hash = "sha256:30c5e0cb5ae493c04c8b42916e52ca38079f1b235c2f8ae5f4527b963c401caf", size = 178651 },
    { url = "https://files.pythonhosted.org/packages/94/dd/a3f0118e688d1b1a57553da23b16bdade96d2f9bcda4d32e7d2838047ff7/cffi-1.17.1-cp311-cp311-manylinux_2_12_i686.manylinux2010_i686.manylinux_2_17_i686.manylinux2014_i686.whl", hash = "sha256:f75c7ab1f9e4aca5414ed4d8e5c0e303a34f4421f8a0d47a4d019ceff0ab6af4", size = 445259 },
    { url = "https://files.pythonhosted.org/packages/2e/ea/70ce63780f096e16ce8588efe039d3c4f91deb1dc01e9c73a287939c79a6/cffi-1.17.1-cp311-cp311-manylinux_2_17_aarch64.manylinux2014_aarch64.whl", hash = "sha256:a1ed2dd2972641495a3ec98445e09766f077aee98a1c896dcb4ad0d303628e41", size = 469200 },
    { url = "https://files.pythonhosted.org/packages/1c/a0/a4fa9f4f781bda074c3ddd57a572b060fa0df7655d2a4247bbe277200146/cffi-1.17.1-cp311-cp311-manylinux_2_17_ppc64le.manylinux2014_ppc64le.whl", hash = "sha256:46bf43160c1a35f7ec506d254e5c890f3c03648a4dbac12d624e4490a7046cd1", size = 477235 },
    { url = "https://files.pythonhosted.org/packages/62/12/ce8710b5b8affbcdd5c6e367217c242524ad17a02fe5beec3ee339f69f85/cffi-1.17.1-cp311-cp311-manylinux_2_17_s390x.manylinux2014_s390x.whl", hash = "sha256:a24ed04c8ffd54b0729c07cee15a81d964e6fee0e3d4d342a27b020d22959dc6", size = 459721 },
    { url = "https://files.pythonhosted.org/packages/ff/6b/d45873c5e0242196f042d555526f92aa9e0c32355a1be1ff8c27f077fd37/cffi-1.17.1-cp311-cp311-manylinux_2_17_x86_64.manylinux2014_x86_64.whl", hash = "sha256:610faea79c43e44c71e1ec53a554553fa22321b65fae24889706c0a84d4ad86d", size = 467242 },
    { url = "https://files.pythonhosted.org/packages/1a/52/d9a0e523a572fbccf2955f5abe883cfa8bcc570d7faeee06336fbd50c9fc/cffi-1.17.1-cp311-cp311-musllinux_1_1_aarch64.whl", hash = "sha256:a9b15d491f3ad5d692e11f6b71f7857e7835eb677955c00cc0aefcd0669adaf6", size = 477999 },
    { url = "https://files.pythonhosted.org/packages/44/74/f2a2460684a1a2d00ca799ad880d54652841a780c4c97b87754f660c7603/cffi-1.17.1-cp311-cp311-musllinux_1_1_i686.whl", hash = "sha256:de2ea4b5833625383e464549fec1bc395c1bdeeb5f25c4a3a82b5a8c756ec22f", size = 454242 },
    { url = "https://files.pythonhosted.org/packages/f8/4a/34599cac7dfcd888ff54e801afe06a19c17787dfd94495ab0c8d35fe99fb/cffi-1.17.1-cp311-cp311-musllinux_1_1_x86_64.whl", hash = "sha256:fc48c783f9c87e60831201f2cce7f3b2e4846bf4d8728eabe54d60700b318a0b", size = 478604 },
    { url = "https://files.pythonhosted.org/packages/34/33/e1b8a1ba29025adbdcda5fb3a36f94c03d771c1b7b12f726ff7fef2ebe36/cffi-1.17.1-cp311-cp311-win32.whl", hash = "sha256:85a950a4ac9c359340d5963966e3e0a94a676bd6245a4b55bc43949eee26a655", size = 171727 },
    { url = "https://files.pythonhosted.org/packages/3d/97/50228be003bb2802627d28ec0627837ac0bf35c90cf769812056f235b2d1/cffi-1.17.1-cp311-cp311-win_amd64.whl", hash = "sha256:caaf0640ef5f5517f49bc275eca1406b0ffa6aa184892812030f04c2abf589a0", size = 181400 },
]

[[package]]
name = "cloudpickle"
version = "3.1.1"
source = { registry = "https://pypi.org/simple" }
sdist = { url = "https://files.pythonhosted.org/packages/52/39/069100b84d7418bc358d81669d5748efb14b9cceacd2f9c75f550424132f/cloudpickle-3.1.1.tar.gz", hash = "sha256:b216fa8ae4019d5482a8ac3c95d8f6346115d8835911fd4aefd1a445e4242c64", size = 22113 }
wheels = [
    { url = "https://files.pythonhosted.org/packages/7e/e8/64c37fadfc2816a7701fa8a6ed8d87327c7d54eacfbfb6edab14a2f2be75/cloudpickle-3.1.1-py3-none-any.whl", hash = "sha256:c8c5a44295039331ee9dad40ba100a9c7297b6f988e50e87ccdf3765a668350e", size = 20992 },
]

[[package]]
name = "colorama"
version = "0.4.6"
source = { registry = "https://pypi.org/simple" }
sdist = { url = "https://files.pythonhosted.org/packages/d8/53/6f443c9a4a8358a93a6792e2acffb9d9d5cb0a5cfd8802644b7b1c9a02e4/colorama-0.4.6.tar.gz", hash = "sha256:08695f5cb7ed6e0531a20572697297273c47b8cae5a63ffc6d6ed5c201be6e44", size = 27697 }
wheels = [
    { url = "https://files.pythonhosted.org/packages/d1/d6/3965ed04c63042e047cb6a3e6ed1a63a35087b6a609aa3a15ed8ac56c221/colorama-0.4.6-py2.py3-none-any.whl", hash = "sha256:4f1d9991f5acc0ca119f9d443620b77f9d6b33703e51011c16baf57afb285fc6", size = 25335 },
]

[[package]]
name = "filelock"
version = "3.19.1"
source = { registry = "https://pypi.org/simple" }
sdist = { url = "https://files.pythonhosted.org/packages/40/bb/0ab3e58d22305b6f5440629d20683af28959bf793d98d11950e305c1c326/filelock-3.19.1.tar.gz", hash = "sha256:66eda1888b0171c998b35be2bcc0f6d75c388a7ce20c3f3f37aa8e96c2dddf58", size = 17687 }
wheels = [
    { url = "https://files.pythonhosted.org/packages/42/14/42b2651a2f46b022ccd948bca9f2d5af0fd8929c4eec235b8d6d844fbe67/filelock-3.19.1-py3-none-any.whl", hash = "sha256:d38e30481def20772f5baf097c122c3babc4fcdb7e14e57049eb9d88c6dc017d", size = 15988 },
]

[[package]]
name = "glcontext"
version = "3.0.0"
source = { registry = "https://pypi.org/simple" }
sdist = { url = "https://files.pythonhosted.org/packages/3a/80/8238a0e6e972292061176141c1028b5e670aa8c94cf4c2f819bd730d314e/glcontext-3.0.0.tar.gz", hash = "sha256:57168edcd38df2fc0d70c318edf6f7e59091fba1cd3dadb289d0aa50449211ef", size = 16422 }
wheels = [
    { url = "https://files.pythonhosted.org/packages/6a/44/f605689047cca15d5e5d31c0a4b9ca87dd1d52bfabf3c3a05d70a4636c08/glcontext-3.0.0-cp310-cp310-macosx_10_9_x86_64.whl", hash = "sha256:b154c25a57e16dbb073478d0cbe2c0090649d135c4c9f87e753b6181b97ec848", size = 9329 },
    { url = "https://files.pythonhosted.org/packages/10/fd/461c9e37ad50514dac82fda04a7a0aabb1a5e6b0f76476538caa4e74a25a/glcontext-3.0.0-cp310-cp310-macosx_11_0_arm64.whl", hash = "sha256:fa5a14778d13ecf4a0dd60a7825427bf6ac0383eacb3b8b1a9c23e4976aa0c8c", size = 9735 },
    { url = "https://files.pythonhosted.org/packages/db/86/c879bf61d4f52d8b0cd702db5f7180b5eae8804d29a798de8da0568a64b2/glcontext-3.0.0-cp310-cp310-manylinux_2_5_i686.manylinux1_i686.manylinux_2_17_i686.manylinux2014_i686.whl", hash = "sha256:7c229290a3a33004a59799b94a50bc5e6f8addd1b5bc5039ef9e78f86d888b31", size = 50476 },
    { url = "https://files.pythonhosted.org/packages/d6/c4/8b45b1c910f4a9b4df1ee3449b4c1aaa798fc25d86390e8eb2a18bc59669/glcontext-3.0.0-cp310-cp310-manylinux_2_5_x86_64.manylinux1_x86_64.manylinux_2_17_x86_64.manylinux2014_x86_64.whl", hash = "sha256:1445a03d8795113034e1f9ffa662f795df65ae69ee21b26ed3b1d66100ba3f8c", size = 51480 },
    { url = "https://files.pythonhosted.org/packages/91/00/159f7df65554f30e0cc6f7fb78869e95717ed5319729f386dcc81ae9ee3d/glcontext-3.0.0-cp310-cp310-musllinux_1_2_i686.whl", hash = "sha256:09247011c09c37b8d30eca9aa24659288de2febaeaa6a817b33b1498b5ef164c", size = 44902 },
    { url = "https://files.pythonhosted.org/packages/91/85/21d2b619576690d48e4967dce37fabe616aeee06b7c6a6c6ceb48d99d3ef/glcontext-3.0.0-cp310-cp310-musllinux_1_2_x86_64.whl", hash = "sha256:c8c1223f1cbcfc0b88428e1717baca829ee863ed5d88e9b5574c7ed6598249cd", size = 47035 },
    { url = "https://files.pythonhosted.org/packages/5e/99/6c200c6d16b55d19dfd13bfed1ed5794e17e49ea8ccf9e4fab52e2d0e2d0/glcontext-3.0.0-cp310-cp310-win32.whl", hash = "sha256:c13dedb3636328b133c4d53c047ce69040ae784095e8f239432ad74d6f921712", size = 12218 },
    { url = "https://files.pythonhosted.org/packages/93/36/8a8f25366ab80dc4e6c9ded7b21f11152bba65fd6b8c0f28641ef3e133f5/glcontext-3.0.0-cp310-cp310-win_amd64.whl", hash = "sha256:4817f4cd52c7fe5410c92ca12b6712435548918719373882ade76f8f75d80abd", size = 12973 },
    { url = "https://files.pythonhosted.org/packages/01/36/3d0d09f7352b179a7ecc5fc3322beb85c8995c66db780acf791853e49043/glcontext-3.0.0-cp311-cp311-macosx_10_9_x86_64.whl", hash = "sha256:3a9e56fa3597cc709cfd0fdf2ae682cda36510a13faac2b3142f401e823b64f4", size = 9328 },
    { url = "https://files.pythonhosted.org/packages/44/9d/0c8fd9c660db000071ebace14a40bd381a41775c10faa262fedfae8227e3/glcontext-3.0.0-cp311-cp311-macosx_11_0_arm64.whl", hash = "sha256:a0484308af75e04b0e56066dc2324a8fb9f1443b76ddb98833439982322b2a39", size = 9738 },
    { url = "https://files.pythonhosted.org/packages/78/cf/7bcadb995830cdd6a1a31f0527a52b2c441a499feabed9749106f7e41e67/glcontext-3.0.0-cp311-cp311-manylinux_2_5_i686.manylinux1_i686.manylinux_2_17_i686.manylinux2014_i686.whl", hash = "sha256:983231394396aa2a1e2b96df49404cc8f8aa729d462ed40e605a74b079c46342", size = 50663 },
    { url = "https://files.pythonhosted.org/packages/43/fb/646c2773cb097b914afe1f06c95e65deb8a544d770389bf29c76a8f3a8fd/glcontext-3.0.0-cp311-cp311-manylinux_2_5_x86_64.manylinux1_x86_64.manylinux_2_17_x86_64.manylinux2014_x86_64.whl", hash = "sha256:7fa413f4420abff2bbb5aa5770a3e1deffcdc13e0ef2f459b145fa79c36909e7", size = 51680 },
    { url = "https://files.pythonhosted.org/packages/89/b7/04aac6c50071b858cfd02a9bccafb42a21f567992fa448c8ad8aa62939b9/glcontext-3.0.0-cp311-cp311-musllinux_1_2_i686.whl", hash = "sha256:7d0ac35ac07fc91eccea093beb9d1c1a4eae250bc33836047deff01a3b5f4757", size = 45063 },
    { url = "https://files.pythonhosted.org/packages/3c/6e/6e398492b55f3c453cc6a2ecc2886a01b2a465623aa0c476d3e115be85c4/glcontext-3.0.0-cp311-cp311-musllinux_1_2_x86_64.whl", hash = "sha256:7145d17a70adc5784ca59ebbe19a56435ba21816070b8b433f43aa2dfb8be71a", size = 47281 },
    { url = "https://files.pythonhosted.org/packages/b5/fd/4f59118e5067a3c88217862d8672463aff29f29c1ea9f47971f8ca67e83c/glcontext-3.0.0-cp311-cp311-win32.whl", hash = "sha256:b31808ca2517fedcac8ca5b296ff46c8af012911eaa2080889a1f244d329ef9a", size = 12222 },
    { url = "https://files.pythonhosted.org/packages/20/1b/f402574ae4644e7fb389b9534de9d1be575b8a4da901a9023d1cec72c4aa/glcontext-3.0.0-cp311-cp311-win_amd64.whl", hash = "sha256:ef4b4ec35e2b720f4cd250bb92cf6417add445490bf780345596da5a796a0e6f", size = 12975 },
    { url = "https://files.pythonhosted.org/packages/ee/84/8f6ca5b8005ec58adbf51e2e6c3b5a20f234ea8f7a2e1df52835c9b23274/glcontext-3.0.0-pp310-pypy310_pp73-macosx_10_15_x86_64.whl", hash = "sha256:f4e285e5d40e7a9bafeb0651c3d8f1a7c822525dec7091e97109ba87a70dbd1e", size = 9272 },
    { url = "https://files.pythonhosted.org/packages/39/a2/a0d1e7492f14727682820120062717a118f0196cda8cf6c1a6e6c4ab6d12/glcontext-3.0.0-pp310-pypy310_pp73-macosx_11_0_arm64.whl", hash = "sha256:96d1bbe62c5bc5315ca2f84a2abae6fa7b7d645dd368415a0cd1ee5ba6f3f8f7", size = 9581 },
    { url = "https://files.pythonhosted.org/packages/07/ba/2f093542218c9c38b293df0f501509fdfeb5dad975135a5467431aa9a774/glcontext-3.0.0-pp310-pypy310_pp73-manylinux_2_5_i686.manylinux1_i686.manylinux_2_17_i686.manylinux2014_i686.whl", hash = "sha256:3a190b1cdb39110c7b56c33857dbff493a364633bfd0ff402a1ce205956c94ca", size = 17842 },
    { url = "https://files.pythonhosted.org/packages/01/e5/5209be64858f9d7f9861f03ed5662491642d8d31b51a6a8495f084869386/glcontext-3.0.0-pp310-pypy310_pp73-manylinux_2_5_x86_64.manylinux1_x86_64.manylinux_2_17_x86_64.manylinux2014_x86_64.whl", hash = "sha256:d467cce2dac8c3928847e90310eb6bdfdfa69f8df39b76a74734046faa15e688", size = 17226 },
    { url = "https://files.pythonhosted.org/packages/06/cb/0995eef99e56394b93bea3aa20bc269ae09125b66c0b7c1e3338f44c93cb/glcontext-3.0.0-pp310-pypy310_pp73-win_amd64.whl", hash = "sha256:2b0c5240125d75498a8f14596484233e4effe98a6a035f566872dd2fdf472ceb", size = 12988 },
]

[[package]]
name = "glfw"
version = "1.12.0"
source = { registry = "https://pypi.org/simple" }
sdist = { url = "https://files.pythonhosted.org/packages/ec/f7/a53c5bb75727e38c889cc165b9d3c1924d5eb21e5f477cdda98e9432637e/glfw-1.12.0.tar.gz", hash = "sha256:f195ed7a43475e4f1603903d6999f3a6b470fda88bd1749ff10adc520abe8fb1", size = 28005 }
wheels = [
    { url = "https://files.pythonhosted.org/packages/47/dd/c9ac0e7a55856b22b91131203cb104b8ef704ba7f1242203f69d39899ad0/glfw-1.12.0-py2.py27.py3.py30.py31.py32.py33.py34.py35.py36.py37.py38-none-macosx_10_6_intel.whl", hash = "sha256:88bd1cd2ace036d275e9af8312993068d94b3ac19248421eedc35a4baf53bb8c", size = 99338 },
    { url = "https://files.pythonhosted.org/packages/65/a1/675f9cd2856a01d58667a904b32be740e355bc5d07dfa10e7ac5ec5e4cda/glfw-1.12.0-py2.py27.py3.py30.py31.py32.py33.py34.py35.py36.py37.py38-none-manylinux2010_i686.whl", hash = "sha256:bb63f6121c40f5f17cd78328c040b40aeaca9ed748f440c40d2fcad824107a74", size = 111948 },
    { url = "https://files.pythonhosted.org/packages/4d/52/569717767105a2a96b23127c8741c9b5e0570cccb71c17243a483dc322c5/glfw-1.12.0-py2.py27.py3.py30.py31.py32.py33.py34.py35.py36.py37.py38-none-manylinux2010_x86_64.whl", hash = "sha256:6324fed2c4fd1762ae580277c534b5dab6f360b8fb9aed3e1547cf33f63d207c", size = 117824 },
    { url = "https://files.pythonhosted.org/packages/74/1b/cc758368f1b2466b3701c0f692973aa8a0b51a192a40463c1d02d54d640c/glfw-1.12.0-py2.py27.py3.py30.py31.py32.py33.py34.py35.py36.py37.py38-none-manylinux2014_x86_64.whl", hash = "sha256:20c918a1ae413a009f7559be9559bc2ec1d6251888f588ffa7a174d6db69a942", size = 203717 },
    { url = "https://files.pythonhosted.org/packages/ec/d4/9063ca3c4ab484822dba43775797889d293c004626e819669fa4ab1ee004/glfw-1.12.0-py2.py27.py3.py30.py31.py32.py33.py34.py35.py36.py37.py38-none-win32.whl", hash = "sha256:fe9622a48ec9dc436e67de0d0bb4c9443996b5bd5564df1734d3a4280b728d38", size = 495446 },
    { url = "https://files.pythonhosted.org/packages/b3/ff/5e5bd5957539780c09444259531eac3d5fbfa6465f27e9cb27b199330fc4/glfw-1.12.0-py2.py27.py3.py30.py31.py32.py33.py34.py35.py36.py37.py38-none-win_amd64.whl", hash = "sha256:3723db5e5628b2cd8729421fb6fc5fed3e5d25c7d1631f72f13301b218ee1600", size = 491366 },
]

[[package]]
name = "gym"
version = "0.26.2"
source = { registry = "https://pypi.org/simple" }
dependencies = [
    { name = "cloudpickle" },
    { name = "gym-notices" },
    { name = "numpy" },
]
sdist = { url = "https://files.pythonhosted.org/packages/ab/b1/eb05a423eb801ab7d0715d6a3b28d92589e30b437052553df19ca2087240/gym-0.26.2.tar.gz", hash = "sha256:e0d882f4b54f0c65f203104c24ab8a38b039f1289986803c7d02cdbe214fbcc4", size = 721689 }

[[package]]
name = "gym-notices"
version = "0.1.0"
source = { registry = "https://pypi.org/simple" }
sdist = { url = "https://files.pythonhosted.org/packages/a2/4d/035922b950b224ee4b65a9a4550a22eac8985a3f0e1ef42546d9047e7a72/gym_notices-0.1.0.tar.gz", hash = "sha256:9f9477ef68a8c15e42625d4fa53631237e3e6ae947f325b5c149c081499adc1b", size = 3084 }
wheels = [
    { url = "https://files.pythonhosted.org/packages/41/55/55d157aa8693090954fc9639bf27218240517c3bc7afa6e97412da6ebfd9/gym_notices-0.1.0-py3-none-any.whl", hash = "sha256:a943af4446cb619d04fd1e470b9272b4473e08a06d1c7cc9005755a4a0b8c905", size = 3349 },
]

[[package]]
name = "gym3"
version = "0.3.3"
source = { registry = "https://pypi.org/simple" }
dependencies = [
    { name = "cffi" },
    { name = "glfw" },
    { name = "imageio" },
    { name = "imageio-ffmpeg" },
    { name = "moderngl" },
    { name = "numpy" },
]
wheels = [
    { url = "https://files.pythonhosted.org/packages/89/8c/83da801207f50acfd262041e7974f3b42a0e5edd410149d8a70fd4ad2e70/gym3-0.3.3-py3-none-any.whl", hash = "sha256:bacc0e124f8ce5e1d8a9dceb85725123332954f13ef4e226133506597548838a", size = 50353 },
]

[[package]]
name = "imageio"
version = "2.15.0"
source = { registry = "https://pypi.org/simple" }
dependencies = [
    { name = "numpy" },
    { name = "pillow" },
]
sdist = { url = "https://files.pythonhosted.org/packages/4b/01/6d886211569a36d4941dabefa3768ee418a3951c0a4e500121dee9c4895b/imageio-2.15.0.tar.gz", hash = "sha256:d0d7abb4e5c4044c06fc573233489c4a25582698f93ca94f7bd70b6f4ab172ec", size = 3393257 }
wheels = [
    { url = "https://files.pythonhosted.org/packages/49/f9/4986d7ea281875be92f7780b1d77c1e2e1d1b8f6669c9bb784065c7777cc/imageio-2.15.0-py3-none-any.whl", hash = "sha256:d5e553c8e8fd01ac27094df32bf020b553f640a71b042c960c8341bf7d313a8e", size = 3332084 },
]

[[package]]
name = "imageio-ffmpeg"
version = "0.3.0"
source = { registry = "https://pypi.org/simple" }
sdist = { url = "https://files.pythonhosted.org/packages/44/51/8a16c76b2a19ac2af82001985c80d3caca4c373528855cb27e12b39373fb/imageio-ffmpeg-0.3.0.tar.gz", hash = "sha256:28500544acdebc195159d53a4670b76d596f368b218317bad5d3cbf43b00d6c2", size = 13055 }
wheels = [
    { url = "https://files.pythonhosted.org/packages/44/55/fd5e2e3a74870037244cf85e921eb6220ecdfd104fe231c22dc032f855d5/imageio_ffmpeg-0.3.0-py3-none-macosx_10_9_intel.macosx_10_9_x86_64.macosx_10_10_intel.macosx_10_10_x86_64.whl", hash = "sha256:f99476aa42aac2ca0657483b417874a825b2f526aaa8a7a823b8a803f366caab", size = 20716490 },
    { url = "https://files.pythonhosted.org/packages/1b/12/01126a2fb737b23461d7dadad3b8abd51ad6210f979ff05c6fa9812dfbbe/imageio_ffmpeg-0.3.0-py3-none-manylinux2010_x86_64.whl", hash = "sha256:f3d4096bf6e211540c4f6b9628c56d8e700cf12027ed842724173ab9c6666d1a", size = 22230048 },
    { url = "https://files.pythonhosted.org/packages/21/a2/691d73c6a7d9f006b338d1f663eca4d0f591359cfcf6a0434f5f818fba67/imageio_ffmpeg-0.3.0-py3-none-win32.whl", hash = "sha256:400345dd194f2cb2b424294aa0f3c90afce1de96879ffe3266afeece3494d93c", size = 17918657 },
    { url = "https://files.pythonhosted.org/packages/2c/af/f04cd614c5125a1b2d47324ec0f16fdae3abe1df5bacc4f4d80db7b679c1/imageio_ffmpeg-0.3.0-py3-none-win_amd64.whl", hash = "sha256:991416c0eed0d221229e67342b8264a8b9defdec61d8a9e7688b90dbb838fb1e", size = 21017560 },
]

[[package]]
name = "moderngl"
version = "5.12.0"
source = { registry = "https://pypi.org/simple" }
dependencies = [
    { name = "glcontext" },
]
sdist = { url = "https://files.pythonhosted.org/packages/da/52/540e2f8c45060bb2709f56eb5a44ae828dfcc97ccecb342c1a7deb467889/moderngl-5.12.0.tar.gz", hash = "sha256:52936a98ccb2f2e1d6e3cb18528b2919f6831e7e3f924e788b5873badce5129b", size = 193232 }
wheels = [
    { url = "https://files.pythonhosted.org/packages/5d/4b/988c5f4ef55bf0c62a0b63a4b32fe6d6dd755d12f5951e8fd56e8a30d3f6/moderngl-5.12.0-cp310-cp310-macosx_10_9_x86_64.whl", hash = "sha256:105cdee2ee29a7e6ebbc76cf178941503656a185c6945933bc7ef395ba8e65a7", size = 111803 },
    { url = "https://files.pythonhosted.org/packages/97/40/272d38d9d096d591db08e4aa1c983a8ed34cd1717b6524a88539b0df4341/moderngl-5.12.0-cp310-cp310-macosx_11_0_arm64.whl", hash = "sha256:18deb8bebd0a4277d92c76dbedf8e4b4b68bf0a8a878404c6b26aed750890d3b", size = 109223 },
    { url = "https://files.pythonhosted.org/packages/e4/5c/a6f2743c8ae1c95cd6531510bf76fa6be650a5e0a1dffdf138b5ed186f61/moderngl-5.12.0-cp310-cp310-manylinux_2_17_x86_64.manylinux2014_x86_64.whl", hash = "sha256:8f0c4f7c42425177168938386a4fabd734ca3bbb5de2d1fd1176cfa6f980fc13", size = 291432 },
    { url = "https://files.pythonhosted.org/packages/2b/2d/b6bfc4fe7df343a4f410030dbd8261566282049e56e9ffc3cbd2e626656e/moderngl-5.12.0-cp310-cp310-manylinux_2_5_i686.manylinux1_i686.manylinux_2_17_i686.manylinux2014_i686.whl", hash = "sha256:878cdf593204d85c020305f21d306f979353a67c932b9df58ea936f6e5ad13e7", size = 265422 },
    { url = "https://files.pythonhosted.org/packages/3a/ae/35f8f4c833aca90870110509dddad641f5adf9597da15b3c9e7c75db319f/moderngl-5.12.0-cp310-cp310-musllinux_1_2_i686.whl", hash = "sha256:00d94f9cb485d87c85088edad624201e152d8ac401793a024b16cd9e2bc4dbf6", size = 1342266 },
    { url = "https://files.pythonhosted.org/packages/b9/4b/2e0b6d0e8a5273da93ed82c8eb91b54a37413b1b9d65bb223d67b595fc96/moderngl-5.12.0-cp310-cp310-musllinux_1_2_x86_64.whl", hash = "sha256:edd91057b8d76beebac0d7b0c741466ee8f37eaf3c07856785c2872afe0b35ac", size = 1270055 },
    { url = "https://files.pythonhosted.org/packages/48/2f/b590f86d42630fbbaffd83f1890ef6278ec12d5cb336b6a2efcbb3c2ca21/moderngl-5.12.0-cp310-cp310-win32.whl", hash = "sha256:3d066eae2eb44e81bd7addf565adebc041bdee119e7ac6e4f95831d6f327a938", size = 101044 },
    { url = "https://files.pythonhosted.org/packages/9c/6d/f9b77797d3a0f3e5b67a75092c6c63b26360042fd8e43be017c706e308a8/moderngl-5.12.0-cp310-cp310-win_amd64.whl", hash = "sha256:76d966194d51852f48c42a6e786a4520f1e1be5f93e2626423d673663422d559", size = 108272 },
    { url = "https://files.pythonhosted.org/packages/a5/ea/569c2c08bfef84f4acf633a8e6d956f4f75cfaa8832d7d812dbf2ff6843a/moderngl-5.12.0-cp311-cp311-macosx_10_9_x86_64.whl", hash = "sha256:28cdba5dcf2d03c89bb25dc3b2f5770ac4104470ed5bbe680a15494fa52a537d", size = 111802 },
    { url = "https://files.pythonhosted.org/packages/00/ef/98f36133ab010ce9831b75a16e75a627c12a4c1d6ef2e353eca1769a1e09/moderngl-5.12.0-cp311-cp311-macosx_11_0_arm64.whl", hash = "sha256:dad93893e3fcb2410bfd31e854f20e1370b4fbafa07a737f1046f5fbd29ba0f4", size = 109227 },
    { url = "https://files.pythonhosted.org/packages/c2/bb/ab371acacd2497bddb5f02b209e3bfae452b2be59d0cf8fa728a3b87de1f/moderngl-5.12.0-cp311-cp311-manylinux_2_17_x86_64.manylinux2014_x86_64.whl", hash = "sha256:7fc0f8788bc84433d2124e9a4893adbe40f93c7d213abb8ad7b909540cb0161f", size = 293468 },
    { url = "https://files.pythonhosted.org/packages/0d/9e/7ebf2b98da310c90c2b295e91b6c25f864f0f5583ce86bee72d387cb577a/moderngl-5.12.0-cp311-cp311-manylinux_2_5_i686.manylinux1_i686.manylinux_2_17_i686.manylinux2014_i686.whl", hash = "sha256:6efd3fe0d2c9652af21e2c1f5a936a2b971abac5bdd777da7182a54962466cab", size = 267348 },
    { url = "https://files.pythonhosted.org/packages/61/0a/87fb24f4cd2aa07150b84fbf400edf4d8a8f71784cbf064f1ed92b756fea/moderngl-5.12.0-cp311-cp311-musllinux_1_2_i686.whl", hash = "sha256:6f3bd2d534fc081cde30545b84ebca63aef847ba8bd533217b9a37f565614ade", size = 1343953 },
    { url = "https://files.pythonhosted.org/packages/83/42/11b0306e630d9a38b8bac20563b326f6d5fba4dfc45cc90b0666ed3e7141/moderngl-5.12.0-cp311-cp311-musllinux_1_2_x86_64.whl", hash = "sha256:eaa3de9446c6febec4d5f888e6f1a4e9398bc5a5ea70b1570ea447213641d4a6", size = 1271832 },
    { url = "https://files.pythonhosted.org/packages/6b/dd/74d300275fe4834e63b8d70450801f206d005f2047898d4eb2a30efc3913/moderngl-5.12.0-cp311-cp311-win32.whl", hash = "sha256:9fdb76f1fd890db67727c8cdee4db2ee6319068c7ce92be0308366f8745e28ab", size = 101043 },
    { url = "https://files.pythonhosted.org/packages/7f/08/5f615a4605d343cd5c1112d2b175270e6a5586008bc10a85b822c340cf86/moderngl-5.12.0-cp311-cp311-win_amd64.whl", hash = "sha256:0c210e8d52a60025f6586ca015c39feb1e57e6dc792c3ff44800f6493a541b1a", size = 108279 },
]

[[package]]
name = "numpy"
version = "1.26.4"
source = { registry = "https://pypi.org/simple" }
sdist = { url = "https://files.pythonhosted.org/packages/65/6e/09db70a523a96d25e115e71cc56a6f9031e7b8cd166c1ac8438307c14058/numpy-1.26.4.tar.gz", hash = "sha256:2a02aba9ed12e4ac4eb3ea9421c420301a0c6460d9830d74a9df87efa4912010", size = 15786129 }
wheels = [
    { url = "https://files.pythonhosted.org/packages/a7/94/ace0fdea5241a27d13543ee117cbc65868e82213fb31a8eb7fe9ff23f313/numpy-1.26.4-cp310-cp310-macosx_10_9_x86_64.whl", hash = "sha256:9ff0f4f29c51e2803569d7a51c2304de5554655a60c5d776e35b4a41413830d0", size = 20631468 },
    { url = "https://files.pythonhosted.org/packages/20/f7/b24208eba89f9d1b58c1668bc6c8c4fd472b20c45573cb767f59d49fb0f6/numpy-1.26.4-cp310-cp310-macosx_11_0_arm64.whl", hash = "sha256:2e4ee3380d6de9c9ec04745830fd9e2eccb3e6cf790d39d7b98ffd19b0dd754a", size = 13966411 },
    { url = "https://files.pythonhosted.org/packages/fc/a5/4beee6488160798683eed5bdb7eead455892c3b4e1f78d79d8d3f3b084ac/numpy-1.26.4-cp310-cp310-manylinux_2_17_aarch64.manylinux2014_aarch64.whl", hash = "sha256:d209d8969599b27ad20994c8e41936ee0964e6da07478d6c35016bc386b66ad4", size = 14219016 },
    { url = "https://files.pythonhosted.org/packages/4b/d7/ecf66c1cd12dc28b4040b15ab4d17b773b87fa9d29ca16125de01adb36cd/numpy-1.26.4-cp310-cp310-manylinux_2_17_x86_64.manylinux2014_x86_64.whl", hash = "sha256:ffa75af20b44f8dba823498024771d5ac50620e6915abac414251bd971b4529f", size = 18240889 },
    { url = "https://files.pythonhosted.org/packages/24/03/6f229fe3187546435c4f6f89f6d26c129d4f5bed40552899fcf1f0bf9e50/numpy-1.26.4-cp310-cp310-musllinux_1_1_aarch64.whl", hash = "sha256:62b8e4b1e28009ef2846b4c7852046736bab361f7aeadeb6a5b89ebec3c7055a", size = 13876746 },
    { url = "https://files.pythonhosted.org/packages/39/fe/39ada9b094f01f5a35486577c848fe274e374bbf8d8f472e1423a0bbd26d/numpy-1.26.4-cp310-cp310-musllinux_1_1_x86_64.whl", hash = "sha256:a4abb4f9001ad2858e7ac189089c42178fcce737e4169dc61321660f1a96c7d2", size = 18078620 },
    { url = "https://files.pythonhosted.org/packages/d5/ef/6ad11d51197aad206a9ad2286dc1aac6a378059e06e8cf22cd08ed4f20dc/numpy-1.26.4-cp310-cp310-win32.whl", hash = "sha256:bfe25acf8b437eb2a8b2d49d443800a5f18508cd811fea3181723922a8a82b07", size = 5972659 },
    { url = "https://files.pythonhosted.org/packages/19/77/538f202862b9183f54108557bfda67e17603fc560c384559e769321c9d92/numpy-1.26.4-cp310-cp310-win_amd64.whl", hash = "sha256:b97fe8060236edf3662adfc2c633f56a08ae30560c56310562cb4f95500022d5", size = 15808905 },
    { url = "https://files.pythonhosted.org/packages/11/57/baae43d14fe163fa0e4c47f307b6b2511ab8d7d30177c491960504252053/numpy-1.26.4-cp311-cp311-macosx_10_9_x86_64.whl", hash = "sha256:4c66707fabe114439db9068ee468c26bbdf909cac0fb58686a42a24de1760c71", size = 20630554 },
    { url = "https://files.pythonhosted.org/packages/1a/2e/151484f49fd03944c4a3ad9c418ed193cfd02724e138ac8a9505d056c582/numpy-1.26.4-cp311-cp311-macosx_11_0_arm64.whl", hash = "sha256:edd8b5fe47dab091176d21bb6de568acdd906d1887a4584a15a9a96a1dca06ef", size = 13997127 },
    { url = "https://files.pythonhosted.org/packages/79/ae/7e5b85136806f9dadf4878bf73cf223fe5c2636818ba3ab1c585d0403164/numpy-1.26.4-cp311-cp311-manylinux_2_17_aarch64.manylinux2014_aarch64.whl", hash = "sha256:7ab55401287bfec946ced39700c053796e7cc0e3acbef09993a9ad2adba6ca6e", size = 14222994 },
    { url = "https://files.pythonhosted.org/packages/3a/d0/edc009c27b406c4f9cbc79274d6e46d634d139075492ad055e3d68445925/numpy-1.26.4-cp311-cp311-manylinux_2_17_x86_64.manylinux2014_x86_64.whl", hash = "sha256:666dbfb6ec68962c033a450943ded891bed2d54e6755e35e5835d63f4f6931d5", size = 18252005 },
    { url = "https://files.pythonhosted.org/packages/09/bf/2b1aaf8f525f2923ff6cfcf134ae5e750e279ac65ebf386c75a0cf6da06a/numpy-1.26.4-cp311-cp311-musllinux_1_1_aarch64.whl", hash = "sha256:96ff0b2ad353d8f990b63294c8986f1ec3cb19d749234014f4e7eb0112ceba5a", size = 13885297 },
    { url = "https://files.pythonhosted.org/packages/df/a0/4e0f14d847cfc2a633a1c8621d00724f3206cfeddeb66d35698c4e2cf3d2/numpy-1.26.4-cp311-cp311-musllinux_1_1_x86_64.whl", hash = "sha256:60dedbb91afcbfdc9bc0b1f3f402804070deed7392c23eb7a7f07fa857868e8a", size = 18093567 },
    { url = "https://files.pythonhosted.org/packages/d2/b7/a734c733286e10a7f1a8ad1ae8c90f2d33bf604a96548e0a4a3a6739b468/numpy-1.26.4-cp311-cp311-win32.whl", hash = "sha256:1af303d6b2210eb850fcf03064d364652b7120803a0b872f5211f5234b399f20", size = 5968812 },
    { url = "https://files.pythonhosted.org/packages/3f/6b/5610004206cf7f8e7ad91c5a85a8c71b2f2f8051a0c0c4d5916b76d6cbb2/numpy-1.26.4-cp311-cp311-win_amd64.whl", hash = "sha256:cd25bcecc4974d09257ffcd1f098ee778f7834c3ad767fe5db785be9a4aa9cb2", size = 15811913 },
]

[[package]]
name = "pillow"
version = "11.3.0"
source = { registry = "https://pypi.org/simple" }
sdist = { url = "https://files.pythonhosted.org/packages/f3/0d/d0d6dea55cd152ce3d6767bb38a8fc10e33796ba4ba210cbab9354b6d238/pillow-11.3.0.tar.gz", hash = "sha256:3828ee7586cd0b2091b6209e5ad53e20d0649bbe87164a459d0676e035e8f523", size = 47113069 }
wheels = [
    { url = "https://files.pythonhosted.org/packages/4c/5d/45a3553a253ac8763f3561371432a90bdbe6000fbdcf1397ffe502aa206c/pillow-11.3.0-cp310-cp310-macosx_10_10_x86_64.whl", hash = "sha256:1b9c17fd4ace828b3003dfd1e30bff24863e0eb59b535e8f80194d9cc7ecf860", size = 5316554 },
    { url = "https://files.pythonhosted.org/packages/7c/c8/67c12ab069ef586a25a4a79ced553586748fad100c77c0ce59bb4983ac98/pillow-11.3.0-cp310-cp310-macosx_11_0_arm64.whl", hash = "sha256:65dc69160114cdd0ca0f35cb434633c75e8e7fad4cf855177a05bf38678f73ad", size = 4686548 },
    { url = "https://files.pythonhosted.org/packages/2f/bd/6741ebd56263390b382ae4c5de02979af7f8bd9807346d068700dd6d5cf9/pillow-11.3.0-cp310-cp310-manylinux2014_aarch64.manylinux_2_17_aarch64.whl", hash = "sha256:7107195ddc914f656c7fc8e4a5e1c25f32e9236ea3ea860f257b0436011fddd0", size = 5859742 },
    { url = "https://files.pythonhosted.org/packages/ca/0b/c412a9e27e1e6a829e6ab6c2dca52dd563efbedf4c9c6aa453d9a9b77359/pillow-11.3.0-cp310-cp310-manylinux2014_x86_64.manylinux_2_17_x86_64.whl", hash = "sha256:cc3e831b563b3114baac7ec2ee86819eb03caa1a2cef0b481a5675b59c4fe23b", size = 7633087 },
    { url = "https://files.pythonhosted.org/packages/59/9d/9b7076aaf30f5dd17e5e5589b2d2f5a5d7e30ff67a171eb686e4eecc2adf/pillow-11.3.0-cp310-cp310-manylinux_2_27_aarch64.manylinux_2_28_aarch64.whl", hash = "sha256:f1f182ebd2303acf8c380a54f615ec883322593320a9b00438eb842c1f37ae50", size = 5963350 },
    { url = "https://files.pythonhosted.org/packages/f0/16/1a6bf01fb622fb9cf5c91683823f073f053005c849b1f52ed613afcf8dae/pillow-11.3.0-cp310-cp310-manylinux_2_27_x86_64.manylinux_2_28_x86_64.whl", hash = "sha256:4445fa62e15936a028672fd48c4c11a66d641d2c05726c7ec1f8ba6a572036ae", size = 6631840 },
    { url = "https://files.pythonhosted.org/packages/7b/e6/6ff7077077eb47fde78739e7d570bdcd7c10495666b6afcd23ab56b19a43/pillow-11.3.0-cp310-cp310-musllinux_1_2_aarch64.whl", hash = "sha256:71f511f6b3b91dd543282477be45a033e4845a40278fa8dcdbfdb07109bf18f9", size = 6074005 },
    { url = "https://files.pythonhosted.org/packages/c3/3a/b13f36832ea6d279a697231658199e0a03cd87ef12048016bdcc84131601/pillow-11.3.0-cp310-cp310-musllinux_1_2_x86_64.whl", hash = "sha256:040a5b691b0713e1f6cbe222e0f4f74cd233421e105850ae3b3c0ceda520f42e", size = 6708372 },
    { url = "https://files.pythonhosted.org/packages/6c/e4/61b2e1a7528740efbc70b3d581f33937e38e98ef3d50b05007267a55bcb2/pillow-11.3.0-cp310-cp310-win32.whl", hash = "sha256:89bd777bc6624fe4115e9fac3352c79ed60f3bb18651420635f26e643e3dd1f6", size = 6277090 },
    { url = "https://files.pythonhosted.org/packages/a9/d3/60c781c83a785d6afbd6a326ed4d759d141de43aa7365725cbcd65ce5e54/pillow-11.3.0-cp310-cp310-win_amd64.whl", hash = "sha256:19d2ff547c75b8e3ff46f4d9ef969a06c30ab2d4263a9e287733aa8b2429ce8f", size = 6985988 },
    { url = "https://files.pythonhosted.org/packages/9f/28/4f4a0203165eefb3763939c6789ba31013a2e90adffb456610f30f613850/pillow-11.3.0-cp310-cp310-win_arm64.whl", hash = "sha256:819931d25e57b513242859ce1876c58c59dc31587847bf74cfe06b2e0cb22d2f", size = 2422899 },
    { url = "https://files.pythonhosted.org/packages/db/26/77f8ed17ca4ffd60e1dcd220a6ec6d71210ba398cfa33a13a1cd614c5613/pillow-11.3.0-cp311-cp311-macosx_10_10_x86_64.whl", hash = "sha256:1cd110edf822773368b396281a2293aeb91c90a2db00d78ea43e7e861631b722", size = 5316531 },
    { url = "https://files.pythonhosted.org/packages/cb/39/ee475903197ce709322a17a866892efb560f57900d9af2e55f86db51b0a5/pillow-11.3.0-cp311-cp311-macosx_11_0_arm64.whl", hash = "sha256:9c412fddd1b77a75aa904615ebaa6001f169b26fd467b4be93aded278266b288", size = 4686560 },
    { url = "https://files.pythonhosted.org/packages/d5/90/442068a160fd179938ba55ec8c97050a612426fae5ec0a764e345839f76d/pillow-11.3.0-cp311-cp311-manylinux2014_aarch64.manylinux_2_17_aarch64.whl", hash = "sha256:7d1aa4de119a0ecac0a34a9c8bde33f34022e2e8f99104e47a3ca392fd60e37d", size = 5870978 },
    { url = "https://files.pythonhosted.org/packages/13/92/dcdd147ab02daf405387f0218dcf792dc6dd5b14d2573d40b4caeef01059/pillow-11.3.0-cp311-cp311-manylinux2014_x86_64.manylinux_2_17_x86_64.whl", hash = "sha256:91da1d88226663594e3f6b4b8c3c8d85bd504117d043740a8e0ec449087cc494", size = 7641168 },
    { url = "https://files.pythonhosted.org/packages/6e/db/839d6ba7fd38b51af641aa904e2960e7a5644d60ec754c046b7d2aee00e5/pillow-11.3.0-cp311-cp311-manylinux_2_27_aarch64.manylinux_2_28_aarch64.whl", hash = "sha256:643f189248837533073c405ec2f0bb250ba54598cf80e8c1e043381a60632f58", size = 5973053 },
    { url = "https://files.pythonhosted.org/packages/f2/2f/d7675ecae6c43e9f12aa8d58b6012683b20b6edfbdac7abcb4e6af7a3784/pillow-11.3.0-cp311-cp311-manylinux_2_27_x86_64.manylinux_2_28_x86_64.whl", hash = "sha256:106064daa23a745510dabce1d84f29137a37224831d88eb4ce94bb187b1d7e5f", size = 6640273 },
    { url = "https://files.pythonhosted.org/packages/45/ad/931694675ede172e15b2ff03c8144a0ddaea1d87adb72bb07655eaffb654/pillow-11.3.0-cp311-cp311-musllinux_1_2_aarch64.whl", hash = "sha256:cd8ff254faf15591e724dc7c4ddb6bf4793efcbe13802a4ae3e863cd300b493e", size = 6082043 },
    { url = "https://files.pythonhosted.org/packages/3a/04/ba8f2b11fc80d2dd462d7abec16351b45ec99cbbaea4387648a44190351a/pillow-11.3.0-cp311-cp311-musllinux_1_2_x86_64.whl", hash = "sha256:932c754c2d51ad2b2271fd01c3d121daaa35e27efae2a616f77bf164bc0b3e94", size = 6715516 },
    { url = "https://files.pythonhosted.org/packages/48/59/8cd06d7f3944cc7d892e8533c56b0acb68399f640786313275faec1e3b6f/pillow-11.3.0-cp311-cp311-win32.whl", hash = "sha256:b4b8f3efc8d530a1544e5962bd6b403d5f7fe8b9e08227c6b255f98ad82b4ba0", size = 6274768 },
    { url = "https://files.pythonhosted.org/packages/f1/cc/29c0f5d64ab8eae20f3232da8f8571660aa0ab4b8f1331da5c2f5f9a938e/pillow-11.3.0-cp311-cp311-win_amd64.whl", hash = "sha256:1a992e86b0dd7aeb1f053cd506508c0999d710a8f07b4c791c63843fc6a807ac", size = 6986055 },
    { url = "https://files.pythonhosted.org/packages/c6/df/90bd886fabd544c25addd63e5ca6932c86f2b701d5da6c7839387a076b4a/pillow-11.3.0-cp311-cp311-win_arm64.whl", hash = "sha256:30807c931ff7c095620fe04448e2c2fc673fcbb1ffe2a7da3fb39613489b1ddd", size = 2423079 },
    { url = "https://files.pythonhosted.org/packages/6f/8b/209bd6b62ce8367f47e68a218bffac88888fdf2c9fcf1ecadc6c3ec1ebc7/pillow-11.3.0-pp310-pypy310_pp73-macosx_10_15_x86_64.whl", hash = "sha256:3cee80663f29e3843b68199b9d6f4f54bd1d4a6b59bdd91bceefc51238bcb967", size = 5270556 },
    { url = "https://files.pythonhosted.org/packages/2e/e6/231a0b76070c2cfd9e260a7a5b504fb72da0a95279410fa7afd99d9751d6/pillow-11.3.0-pp310-pypy310_pp73-macosx_11_0_arm64.whl", hash = "sha256:b5f56c3f344f2ccaf0dd875d3e180f631dc60a51b314295a3e681fe8cf851fbe", size = 4654625 },
    { url = "https://files.pythonhosted.org/packages/13/f4/10cf94fda33cb12765f2397fc285fa6d8eb9c29de7f3185165b702fc7386/pillow-11.3.0-pp310-pypy310_pp73-manylinux2014_aarch64.manylinux_2_17_aarch64.whl", hash = "sha256:e67d793d180c9df62f1f40aee3accca4829d3794c95098887edc18af4b8b780c", size = 4874207 },
    { url = "https://files.pythonhosted.org/packages/72/c9/583821097dc691880c92892e8e2d41fe0a5a3d6021f4963371d2f6d57250/pillow-11.3.0-pp310-pypy310_pp73-manylinux2014_x86_64.manylinux_2_17_x86_64.whl", hash = "sha256:d000f46e2917c705e9fb93a3606ee4a819d1e3aa7a9b442f6444f07e77cf5e25", size = 6583939 },
    { url = "https://files.pythonhosted.org/packages/3b/8e/5c9d410f9217b12320efc7c413e72693f48468979a013ad17fd690397b9a/pillow-11.3.0-pp310-pypy310_pp73-manylinux_2_27_aarch64.manylinux_2_28_aarch64.whl", hash = "sha256:527b37216b6ac3a12d7838dc3bd75208ec57c1c6d11ef01902266a5a0c14fc27", size = 4957166 },
    { url = "https://files.pythonhosted.org/packages/62/bb/78347dbe13219991877ffb3a91bf09da8317fbfcd4b5f9140aeae020ad71/pillow-11.3.0-pp310-pypy310_pp73-manylinux_2_27_x86_64.manylinux_2_28_x86_64.whl", hash = "sha256:be5463ac478b623b9dd3937afd7fb7ab3d79dd290a28e2b6df292dc75063eb8a", size = 5581482 },
    { url = "https://files.pythonhosted.org/packages/d9/28/1000353d5e61498aaeaaf7f1e4b49ddb05f2c6575f9d4f9f914a3538b6e1/pillow-11.3.0-pp310-pypy310_pp73-win_amd64.whl", hash = "sha256:8dc70ca24c110503e16918a658b869019126ecfe03109b754c402daff12b3d9f", size = 6984596 },
    { url = "https://files.pythonhosted.org/packages/9e/e3/6fa84033758276fb31da12e5fb66ad747ae83b93c67af17f8c6ff4cc8f34/pillow-11.3.0-pp311-pypy311_pp73-macosx_10_15_x86_64.whl", hash = "sha256:7c8ec7a017ad1bd562f93dbd8505763e688d388cde6e4a010ae1486916e713e6", size = 5270566 },
    { url = "https://files.pythonhosted.org/packages/5b/ee/e8d2e1ab4892970b561e1ba96cbd59c0d28cf66737fc44abb2aec3795a4e/pillow-11.3.0-pp311-pypy311_pp73-macosx_11_0_arm64.whl", hash = "sha256:9ab6ae226de48019caa8074894544af5b53a117ccb9d3b3dcb2871464c829438", size = 4654618 },
    { url = "https://files.pythonhosted.org/packages/f2/6d/17f80f4e1f0761f02160fc433abd4109fa1548dcfdca46cfdadaf9efa565/pillow-11.3.0-pp311-pypy311_pp73-manylinux2014_aarch64.manylinux_2_17_aarch64.whl", hash = "sha256:fe27fb049cdcca11f11a7bfda64043c37b30e6b91f10cb5bab275806c32f6ab3", size = 4874248 },
    { url = "https://files.pythonhosted.org/packages/de/5f/c22340acd61cef960130585bbe2120e2fd8434c214802f07e8c03596b17e/pillow-11.3.0-pp311-pypy311_pp73-manylinux2014_x86_64.manylinux_2_17_x86_64.whl", hash = "sha256:465b9e8844e3c3519a983d58b80be3f668e2a7a5db97f2784e7079fbc9f9822c", size = 6583963 },
    { url = "https://files.pythonhosted.org/packages/31/5e/03966aedfbfcbb4d5f8aa042452d3361f325b963ebbadddac05b122e47dd/pillow-11.3.0-pp311-pypy311_pp73-manylinux_2_27_aarch64.manylinux_2_28_aarch64.whl", hash = "sha256:5418b53c0d59b3824d05e029669efa023bbef0f3e92e75ec8428f3799487f361", size = 4957170 },
    { url = "https://files.pythonhosted.org/packages/cc/2d/e082982aacc927fc2cab48e1e731bdb1643a1406acace8bed0900a61464e/pillow-11.3.0-pp311-pypy311_pp73-manylinux_2_27_x86_64.manylinux_2_28_x86_64.whl", hash = "sha256:504b6f59505f08ae014f724b6207ff6222662aab5cc9542577fb084ed0676ac7", size = 5581505 },
    { url = "https://files.pythonhosted.org/packages/34/e7/ae39f538fd6844e982063c3a5e4598b8ced43b9633baa3a85ef33af8c05c/pillow-11.3.0-pp311-pypy311_pp73-win_amd64.whl", hash = "sha256:c84d689db21a1c397d001aa08241044aa2069e7587b398c8cc63020390b1c1b8", size = 6984598 },
]

[[package]]
name = "procgen"
version = "0.10.7"
source = { registry = "https://pypi.org/simple" }
dependencies = [
    { name = "filelock" },
    { name = "gym" },
    { name = "gym3" },
    { name = "numpy" },
]
wheels = [
    { url = "https://files.pythonhosted.org/packages/99/a6/5a05b24fab236a9bd09a592cb21def870a732f68a21c48b52dac0089d7ec/procgen-0.10.7-cp310-cp310-macosx_10_9_x86_64.whl", hash = "sha256:277c0e781dc80ec568f0da428185d0b767ff1b6610304af85c7b7522d0ecfec6", size = 30008495 },
    { url = "https://files.pythonhosted.org/packages/eb/9e/4dea48895a9350ff045ae724cbebf1fb8f2d2eafff16b6a39fc8842e1084/procgen-0.10.7-cp310-cp310-manylinux_2_17_x86_64.manylinux2014_x86_64.whl", hash = "sha256:4b594d14e42f0f2166e59a9e294477b906eb99c90c3343b570b7124cbc865f53", size = 36395959 },
    { url = "https://files.pythonhosted.org/packages/57/04/0b0d193bc035e9bae6ae42f1946324f60eb7ff6544e49827de92174b0f80/procgen-0.10.7-cp310-cp310-win_amd64.whl", hash = "sha256:a102baeb3d4dfffd2909787ef601a75f5f3988cd0f4402143684af88927d044a", size = 29981607 },
]

[[package]]
name = "pycparser"
version = "2.23"
source = { registry = "https://pypi.org/simple" }
sdist = { url = "https://files.pythonhosted.org/packages/fe/cf/d2d3b9f5699fb1e4615c8e32ff220203e43b248e1dfcc6736ad9057731ca/pycparser-2.23.tar.gz", hash = "sha256:78816d4f24add8f10a06d6f05b4d424ad9e96cfebf68a4ddc99c65c0720d00c2", size = 173734 }
wheels = [
    { url = "https://files.pythonhosted.org/packages/a0/e3/59cd50310fc9b59512193629e1984c1f95e5c8ae6e5d8c69532ccc65a7fe/pycparser-2.23-py3-none-any.whl", hash = "sha256:e5c6e8d3fbad53479cab09ac03729e0a9faf2bee3db8208a550daf5af81a5934", size = 118140 },
]

[[package]]
name = "sample-procgen-env"
version = "0.1.0"
source = { virtual = "." }
dependencies = [
    { name = "imageio" },
    { name = "imageio-ffmpeg" },
    { name = "numpy" },
    { name = "procgen" },
    { name = "setuptools" },
    { name = "tqdm" },
]

[package.metadata]
requires-dist = [
    { name = "imageio", specifier = "==2.15.0" },
    { name = "imageio-ffmpeg", specifier = ">=0.3.0,<0.4.0" },
    { name = "numpy", specifier = ">=1.17.0,<2.0.0" },
    { name = "procgen", specifier = "==0.10.7" },
    { name = "setuptools" },
    { name = "tqdm", specifier = ">=4.67.1" },
]

[[package]]
name = "setuptools"
version = "80.9.0"
source = { registry = "https://pypi.org/simple" }
sdist = { url = "https://files.pythonhosted.org/packages/18/5d/3bf57dcd21979b887f014ea83c24ae194cfcd12b9e0fda66b957c69d1fca/setuptools-80.9.0.tar.gz", hash = "sha256:f36b47402ecde768dbfafc46e8e4207b4360c654f1f3bb84475f0a28628fb19c", size = 1319958 }
wheels = [
    { url = "https://files.pythonhosted.org/packages/a3/dc/17031897dae0efacfea57dfd3a82fdd2a2aeb58e0ff71b77b87e44edc772/setuptools-80.9.0-py3-none-any.whl", hash = "sha256:062d34222ad13e0cc312a4c02d73f059e86a4acbfbdea8f8f76b28c99f306922", size = 1201486 },
]

[[package]]
name = "tqdm"
version = "4.67.1"
source = { registry = "https://pypi.org/simple" }
dependencies = [
    { name = "colorama", marker = "sys_platform == 'win32'" },
]
sdist = { url = "https://files.pythonhosted.org/packages/a8/4b/29b4ef32e036bb34e4ab51796dd745cdba7ed47ad142a9f4a1eb8e0c744d/tqdm-4.67.1.tar.gz", hash = "sha256:f8aef9c52c08c13a65f30ea34f4e5aac3fd1a34959879d7e59e63027286627f2", size = 169737 }
wheels = [
    { url = "https://files.pythonhosted.org/packages/d0/30/dc54f88dd4a2b5dc8a0279bdd7270e735851848b762aeb1c1184ed1f6b14/tqdm-4.67.1-py3-none-any.whl", hash = "sha256:26445eca388f82e72884e0d580d5464cd801a3ea01e63e5601bdff9ba6a48de2", size = 78540 },
]
